
Microsoft Visual Studio Solution File, Format Version 12.00
# Visual Studio 15
Project("{FAE04EC0-301F-11D3-BF4B-00C04F79EFBC}") = "PhotonUnityNetworking.Demos", "PhotonUnityNetworking.Demos.csproj", "{44350129-4653-7B1E-08DB-6D339BA01338}"
EndProject
Project("{FAE04EC0-301F-11D3-BF4B-00C04F79EFBC}") = "PhotonUnityNetworking.Utilities", "PhotonUnityNetworking.Utilities.csproj", "{F3ADCB47-6504-A018-1633-A88257FAEADE}"
EndProject
Project("{FAE04EC0-301F-11D3-BF4B-00C04F79EFBC}") = "Assembly-CSharp", "Assembly-CSharp.csproj", "{8F7F47A8-88E0-73E9-3175-D99C6865363D}"
EndProject
Project("{FAE04EC0-301F-11D3-BF4B-00C04F79EFBC}") = "PhotonChat", "PhotonChat.csproj", "{88A46222-D165-C972-AF8E-99B0593B6AD8}"
EndProject
Project("{FAE04EC0-301F-11D3-BF4B-00C04F79EFBC}") = "PhotonUnityNetworking", "PhotonUnityNetworking.csproj", "{74E599E1-91E9-8831-A67B-878D1584B882}"
EndProject
Project("{FAE04EC0-301F-11D3-BF4B-00C04F79EFBC}") = "PhotonRealtime", "PhotonRealtime.csproj", "{4F1892BC-95C5-2C52-C016-33807F85219A}"
EndProject
Project("{FAE04EC0-301F-11D3-BF4B-00C04F79EFBC}") = "PhotonUnityNetworking.Editor", "PhotonUnityNetworking.Editor.csproj", "{0629C98B-CCC9-2F01-09B0-200254A122FA}"
EndProject
Project("{FAE04EC0-301F-11D3-BF4B-00C04F79EFBC}") = "PunDemos.DemoHubEditor", "PunDemos.DemoHubEditor.csproj", "{918E6A34-DE3C-27F2-DCE1-D08C2ABC0086}"
EndProject
Project("{FAE04EC0-301F-11D3-BF4B-00C04F79EFBC}") = "PhotonUnityNetworking.Utilities.PhotonPlayer.Editor", "PhotonUnityNetworking.Utilities.PhotonPlayer.Editor.csproj", "{1E99688A-01F9-C7BC-E708-096F5B5BE14F}"
EndProject
Project("{FAE04EC0-301F-11D3-BF4B-00C04F79EFBC}") = "PhotonUnityNetworking.Utilities.Culling.Editor", "PhotonUnityNetworking.Utilities.Culling.Editor.csproj", "{BCA576C5-5EF5-4C73-9760-A0300366F0D5}"
EndProject
Project("{FAE04EC0-301F-11D3-BF4B-00C04F79EFBC}") = "PunDemos.DemoSlotcarEditor", "PunDemos.DemoSlotcarEditor.csproj", "{4FED0CF5-8D9F-4094-D9BE-07D0F4BE5380}"
EndProject
Global
	GlobalSection(SolutionConfigurationPlatforms) = preSolution
		Debug|Any CPU = Debug|Any CPU
		Release|Any CPU = Release|Any CPU
	EndGlobalSection
	GlobalSection(ProjectConfigurationPlatforms) = postSolution
		{44350129-4653-7B1E-08DB-6D339BA01338}.Debug|Any CPU.ActiveCfg = Debug|Any CPU
		{44350129-4653-7B1E-08DB-6D339BA01338}.Debug|Any CPU.Build.0 = Debug|Any CPU
		{44350129-4653-7B1E-08DB-6D339BA01338}.Release|Any CPU.ActiveCfg = Release|Any CPU
		{44350129-4653-7B1E-08DB-6D339BA01338}.Release|Any CPU.Build.0 = Release|Any CPU
		{F3ADCB47-6504-A018-1633-A88257FAEADE}.Debug|Any CPU.ActiveCfg = Debug|Any CPU
		{F3ADCB47-6504-A018-1633-A88257FAEADE}.Debug|Any CPU.Build.0 = Debug|Any CPU
		{F3ADCB47-6504-A018-1633-A88257FAEADE}.Release|Any CPU.ActiveCfg = Release|Any CPU
		{F3ADCB47-6504-A018-1633-A88257FAEADE}.Release|Any CPU.Build.0 = Release|Any CPU
		{8F7F47A8-88E0-73E9-3175-D99C6865363D}.Debug|Any CPU.ActiveCfg = Debug|Any CPU
		{8F7F47A8-88E0-73E9-3175-D99C6865363D}.Debug|Any CPU.Build.0 = Debug|Any CPU
		{8F7F47A8-88E0-73E9-3175-D99C6865363D}.Release|Any CPU.ActiveCfg = Release|Any CPU
		{8F7F47A8-88E0-73E9-3175-D99C6865363D}.Release|Any CPU.Build.0 = Release|Any CPU
		{88A46222-D165-C972-AF8E-99B0593B6AD8}.Debug|Any CPU.ActiveCfg = Debug|Any CPU
		{88A46222-D165-C972-AF8E-99B0593B6AD8}.Debug|Any CPU.Build.0 = Debug|Any CPU
		{88A46222-D165-C972-AF8E-99B0593B6AD8}.Release|Any CPU.ActiveCfg = Release|Any CPU
		{88A46222-D165-C972-AF8E-99B0593B6AD8}.Release|Any CPU.Build.0 = Release|Any CPU
		{74E599E1-91E9-8831-A67B-878D1584B882}.Debug|Any CPU.ActiveCfg = Debug|Any CPU
		{74E599E1-91E9-8831-A67B-878D1584B882}.Debug|Any CPU.Build.0 = Debug|Any CPU
		{74E599E1-91E9-8831-A67B-878D1584B882}.Release|Any CPU.ActiveCfg = Release|Any CPU
		{74E599E1-91E9-8831-A67B-878D1584B882}.Release|Any CPU.Build.0 = Release|Any CPU
		{4F1892BC-95C5-2C52-C016-33807F85219A}.Debug|Any CPU.ActiveCfg = Debug|Any CPU
		{4F1892BC-95C5-2C52-C016-33807F85219A}.Debug|Any CPU.Build.0 = Debug|Any CPU
		{4F1892BC-95C5-2C52-C016-33807F85219A}.Release|Any CPU.ActiveCfg = Release|Any CPU
		{4F1892BC-95C5-2C52-C016-33807F85219A}.Release|Any CPU.Build.0 = Release|Any CPU
		{0629C98B-CCC9-2F01-09B0-200254A122FA}.Debug|Any CPU.ActiveCfg = Debug|Any CPU
		{0629C98B-CCC9-2F01-09B0-200254A122FA}.Debug|Any CPU.Build.0 = Debug|Any CPU
		{0629C98B-CCC9-2F01-09B0-200254A122FA}.Release|Any CPU.ActiveCfg = Release|Any CPU
		{0629C98B-CCC9-2F01-09B0-200254A122FA}.Release|Any CPU.Build.0 = Release|Any CPU
		{918E6A34-DE3C-27F2-DCE1-D08C2ABC0086}.Debug|Any CPU.ActiveCfg = Debug|Any CPU
		{918E6A34-DE3C-27F2-DCE1-D08C2ABC0086}.Debug|Any CPU.Build.0 = Debug|Any CPU
		{918E6A34-DE3C-27F2-DCE1-D08C2ABC0086}.Release|Any CPU.ActiveCfg = Release|Any CPU
		{918E6A34-DE3C-27F2-DCE1-D08C2ABC0086}.Release|Any CPU.Build.0 = Release|Any CPU
		{1E99688A-01F9-C7BC-E708-096F5B5BE14F}.Debug|Any CPU.ActiveCfg = Debug|Any CPU
		{1E99688A-01F9-C7BC-E708-096F5B5BE14F}.Debug|Any CPU.Build.0 = Debug|Any CPU
		{1E99688A-01F9-C7BC-E708-096F5B5BE14F}.Release|Any CPU.ActiveCfg = Release|Any CPU
		{1E99688A-01F9-C7BC-E708-096F5B5BE14F}.Release|Any CPU.Build.0 = Release|Any CPU
		{BCA576C5-5EF5-4C73-9760-A0300366F0D5}.Debug|Any CPU.ActiveCfg = Debug|Any CPU
		{BCA576C5-5EF5-4C73-9760-A0300366F0D5}.Debug|Any CPU.Build.0 = Debug|Any CPU
		{BCA576C5-5EF5-4C73-9760-A0300366F0D5}.Release|Any CPU.ActiveCfg = Release|Any CPU
		{BCA576C5-5EF5-4C73-9760-A0300366F0D5}.Release|Any CPU.Build.0 = Release|Any CPU
		{4FED0CF5-8D9F-4094-D9BE-07D0F4BE5380}.Debug|Any CPU.ActiveCfg = Debug|Any CPU
		{4FED0CF5-8D9F-4094-D9BE-07D0F4BE5380}.Debug|Any CPU.Build.0 = Debug|Any CPU
		{4FED0CF5-8D9F-4094-D9BE-07D0F4BE5380}.Release|Any CPU.ActiveCfg = Release|Any CPU
		{4FED0CF5-8D9F-4094-D9BE-07D0F4BE5380}.Release|Any CPU.Build.0 = Release|Any CPU
	EndGlobalSection
	GlobalSection(SolutionProperties) = preSolution
		HideSolutionNode = FALSE
	EndGlobalSection
EndGlobal
